
Microsoft Visual Studio Solution File, Format Version 12.00
# Visual Studio Version 17
VisualStudioVersion = 17.5.002.0
MinimumVisualStudioVersion = 10.0.40219.1
Project("{2150E333-8FDC-42A3-9474-1A3956D46DE8}") = "Semana-01", "Semana-01", "{C8D041DD-573F-4322-B0CA-E0782A5B1A31}"
EndProject
Project("{9A19103F-16F7-4668-BE54-9A1E7A4F7556}") = "listaex", "Semana-01\exercicios\listaex.csproj", "{229B419C-9015-44ED-936B-9CA3E6F67538}"
EndProject
Global
	GlobalSection(SolutionConfigurationPlatforms) = preSolution
		Debug|Any CPU = Debug|Any CPU
		Release|Any CPU = Release|Any CPU
	EndGlobalSection
	GlobalSection(ProjectConfigurationPlatforms) = postSolution
		{229B419C-9015-44ED-936B-9CA3E6F67538}.Debug|Any CPU.ActiveCfg = Debug|Any CPU
		{229B419C-9015-44ED-936B-9CA3E6F67538}.Debug|Any CPU.Build.0 = Debug|Any CPU
		{229B419C-9015-44ED-936B-9CA3E6F67538}.Release|Any CPU.ActiveCfg = Release|Any CPU
		{229B419C-9015-44ED-936B-9CA3E6F67538}.Release|Any CPU.Build.0 = Release|Any CPU
	EndGlobalSection
	GlobalSection(SolutionProperties) = preSolution
		HideSolutionNode = FALSE
	EndGlobalSection
	GlobalSection(NestedProjects) = preSolution
		{229B419C-9015-44ED-936B-9CA3E6F67538} = {C8D041DD-573F-4322-B0CA-E0782A5B1A31}
	EndGlobalSection
	GlobalSection(ExtensibilityGlobals) = postSolution
		SolutionGuid = {FF6081BD-426B-4B5D-97A5-650DAA859B44}
	EndGlobalSection
EndGlobal
